{
  "name": "pangyu-translate",
  "version": "1.0.0",
  "lockfileVersion": 1,
  "requires": true,
  "dependencies": {
    "asynckit": {
      "version": "0.4.0",
      "resolved": "https://pkgs.d.xiaomi.net:443/artifactory/api/npm/mi-npm/asynckit/-/asynckit-0.4.0.tgz",
      "integrity": "sha1-x57Zf380y48robyXkLzDZkdLS3k="
    },
    "axios": {
      "version": "1.4.0",
      "resolved": "https://pkgs.d.xiaomi.net:443/artifactory/api/npm/mi-npm/axios/-/axios-1.4.0.tgz",
      "integrity": "sha1-OKe/EiTNMI3icRRgOLVR1yXwvh8=",
      "requires": {
        "follow-redirects": "^1.15.0",
        "form-data": "^4.0.0",
        "proxy-from-env": "^1.1.0"
      }
    },
    "charenc": {
      "version": "0.0.2",
      "resolved": "https://pkgs.d.xiaomi.net:443/artifactory/api/npm/mi-npm/charenc/-/charenc-0.0.2.tgz",
      "integrity": "sha1-wKHS86cJLgN3S/qD8UwPxXkKhmc="
    },
    "combined-stream": {
      "version": "1.0.8",
      "resolved": "https://pkgs.d.xiaomi.net:443/artifactory/api/npm/mi-npm/combined-stream/-/combined-stream-1.0.8.tgz",
      "integrity": "sha1-w9RaizT9cwYxoRCoolIGgrMdWn8=",
      "requires": {
        "delayed-stream": "~1.0.0"
      }
    },
    "crypt": {
      "version": "0.0.2",
      "resolved": "https://pkgs.d.xiaomi.net:443/artifactory/api/npm/mi-npm/crypt/-/crypt-0.0.2.tgz",
      "integrity": "sha1-iNf/fsDfuG9xPch7u0LQRNPmxBs="
    },
    "delayed-stream": {
      "version": "1.0.0",
      "resolved": "https://pkgs.d.xiaomi.net:443/artifactory/api/npm/mi-npm/delayed-stream/-/delayed-stream-1.0.0.tgz",
      "integrity": "sha1-3zrhmayt+31ECqrgsp4icrJOxhk="
    },
    "dotenv": {
      "version": "16.3.1",
      "resolved": "https://pkgs.d.xiaomi.net:443/artifactory/api/npm/mi-npm/dotenv/-/dotenv-16.3.1.tgz",
      "integrity": "sha1-NpA03n1+WxIJcmkzUqO/ESFyzD4="
    },
    "follow-redirects": {
      "version": "1.15.2",
      "resolved": "https://pkgs.d.xiaomi.net:443/artifactory/api/npm/mi-npm/follow-redirects/-/follow-redirects-1.15.2.tgz",
      "integrity": "sha1-tGCGQUS6Y/JoEJbydMTlcCbaLBM="
    },
    "form-data": {
      "version": "4.0.0",
      "resolved": "https://pkgs.d.xiaomi.net:443/artifactory/api/npm/mi-npm/form-data/-/form-data-4.0.0.tgz",
      "integrity": "sha1-k5Gdrq82HuUpWEubMWZNwSyfpFI=",
      "requires": {
        "asynckit": "^0.4.0",
        "combined-stream": "^1.0.8",
        "mime-types": "^2.1.12"
      }
    },
    "is-buffer": {
      "version": "1.1.6",
      "resolved": "https://pkgs.d.xiaomi.net:443/artifactory/api/npm/mi-npm/is-buffer/-/is-buffer-1.1.6.tgz",
      "integrity": "sha1-76ouqdqg16suoTqXsritUf776L4="
    },
    "md5": {
      "version": "2.3.0",
      "resolved": "https://pkgs.d.xiaomi.net:443/artifactory/api/npm/mi-npm/md5/-/md5-2.3.0.tgz",
      "integrity": "sha1-w9qaaq46MLRreww0m4exENw72k8=",
      "requires": {
        "charenc": "0.0.2",
        "crypt": "0.0.2",
        "is-buffer": "~1.1.6"
      }
    },
    "mime-db": {
      "version": "1.52.0",
      "resolved": "https://pkgs.d.xiaomi.net:443/artifactory/api/npm/mi-npm/mime-db/-/mime-db-1.52.0.tgz",
      "integrity": "sha1-u6vNwChZ9JhzAchW4zh85exDv3A="
    },
    "mime-types": {
      "version": "2.1.35",
      "resolved": "https://pkgs.d.xiaomi.net:443/artifactory/api/npm/mi-npm/mime-types/-/mime-types-2.1.35.tgz",
      "integrity": "sha1-OBqHG2KnNEUGYK497uRIE/cNlZo=",
      "requires": {
        "mime-db": "1.52.0"
      }
    },
    "proxy-from-env": {
      "version": "1.1.0",
      "resolved": "https://pkgs.d.xiaomi.net:443/artifactory/api/npm/mi-npm/proxy-from-env/-/proxy-from-env-1.1.0.tgz",
      "integrity": "sha1-4QLxbKNVQkhldV0sno6k8k1Yw+I="
    }
  }
}
